// !$*UTF8*$!
{
	archiveVersion = 1;
	classes = {
	};
	objectVersion = 50;
	objects = {

/* Begin PBXBuildFile section */
		FE2C86C921D08AE700DB98BA /* MemeCollectionViewController.swift in Sources */ = {isa = PBXBuildFile; fileRef = FE2C86C821D08AE700DB98BA /* MemeCollectionViewController.swift */; };
		FE2C86CB21D08B0B00DB98BA /* MemeTableViewController.swift in Sources */ = {isa = PBXBuildFile; fileRef = FE2C86CA21D08B0B00DB98BA /* MemeTableViewController.swift */; };
		FE2C86CD21D0C2A600DB98BA /* Meme.swift in Sources */ = {isa = PBXBuildFile; fileRef = FE2C86CC21D0C2A600DB98BA /* Meme.swift */; };
		FE2C86D121D0CC5900DB98BA /* CollectionViewCell.swift in Sources */ = {isa = PBXBuildFile; fileRef = FE2C86D021D0CC5900DB98BA /* CollectionViewCell.swift */; };
		FE2C86D321D2291400DB98BA /* TableViewCell.swift in Sources */ = {isa = PBXBuildFile; fileRef = FE2C86D221D2291400DB98BA /* TableViewCell.swift */; };
		FE2C86D521D356BF00DB98BA /* MemeDetailsViewController.swift in Sources */ = {isa = PBXBuildFile; fileRef = FE2C86D421D356BF00DB98BA /* MemeDetailsViewController.swift */; };
		FEA58A8821A23FD90010E59E /* AppDelegate.swift in Sources */ = {isa = PBXBuildFile; fileRef = FEA58A8721A23FD90010E59E /* AppDelegate.swift */; };
		FEA58A8A21A23FD90010E59E /* ViewController.swift in Sources */ = {isa = PBXBuildFile; fileRef = FEA58A8921A23FD90010E59E /* ViewController.swift */; };
		FEA58A8D21A23FD90010E59E /* Main.storyboard in Resources */ = {isa = PBXBuildFile; fileRef = FEA58A8B21A23FD90010E59E /* Main.storyboard */; };
		FEA58A8F21A23FDA0010E59E /* Assets.xcassets in Resources */ = {isa = PBXBuildFile; fileRef = FEA58A8E21A23FDA0010E59E /* Assets.xcassets */; };
		FEA58A9221A23FDA0010E59E /* LaunchScreen.storyboard in Resources */ = {isa = PBXBuildFile; fileRef = FEA58A9021A23FDA0010E59E /* LaunchScreen.storyboard */; };
		FEA58A9D21A23FDA0010E59E /* meme1Tests.swift in Sources */ = {isa = PBXBuildFile; fileRef = FEA58A9C21A23FDA0010E59E /* meme1Tests.swift */; };
/* End PBXBuildFile section */

/* Begin PBXContainerItemProxy section */
		FEA58A9921A23FDA0010E59E /* PBXContainerItemProxy */ = {
			isa = PBXContainerItemProxy;
			containerPortal = FEA58A7C21A23FD90010E59E /* Project object */;
			proxyType = 1;
			remoteGlobalIDString = FEA58A8321A23FD90010E59E;
			remoteInfo = meme1;
		};
/* End PBXContainerItemProxy section */

/* Begin PBXFileReference section */
		FE2C86C821D08AE700DB98BA /* MemeCollectionViewController.swift */ = {isa = PBXFileReference; lastKnownFileType = sourcecode.swift; path = MemeCollectionViewController.swift; sourceTree = "<group>"; };
		FE2C86CA21D08B0B00DB98BA /* MemeTableViewController.swift */ = {isa = PBXFileReference; lastKnownFileType = sourcecode.swift; path = MemeTableViewController.swift; sourceTree = "<group>"; };
		FE2C86CC21D0C2A600DB98BA /* Meme.swift */ = {isa = PBXFileReference; lastKnownFileType = sourcecode.swift; path = Meme.swift; sourceTree = "<group>"; };
		FE2C86D021D0CC5900DB98BA /* CollectionViewCell.swift */ = {isa = PBXFileReference; lastKnownFileType = sourcecode.swift; path = CollectionViewCell.swift; sourceTree = "<group>"; };
		FE2C86D221D2291400DB98BA /* TableViewCell.swift */ = {isa = PBXFileReference; lastKnownFileType = sourcecode.swift; path = TableViewCell.swift; sourceTree = "<group>"; };
		FE2C86D421D356BF00DB98BA /* MemeDetailsViewController.swift */ = {isa = PBXFileReference; lastKnownFileType = sourcecode.swift; path = MemeDetailsViewController.swift; sourceTree = "<group>"; };
		FEA58A8421A23FD90010E59E /* meme1.app */ = {isa = PBXFileReference; explicitFileType = wrapper.application; includeInIndex = 0; path = meme1.app; sourceTree = BUILT_PRODUCTS_DIR; };
		FEA58A8721A23FD90010E59E /* AppDelegate.swift */ = {isa = PBXFileReference; lastKnownFileType = sourcecode.swift; path = AppDelegate.swift; sourceTree = "<group>"; };
		FEA58A8921A23FD90010E59E /* ViewController.swift */ = {isa = PBXFileReference; lastKnownFileType = sourcecode.swift; path = ViewController.swift; sourceTree = "<group>"; };
		FEA58A8C21A23FD90010E59E /* Base */ = {isa = PBXFileReference; lastKnownFileType = file.storyboard; name = Base; path = Base.lproj/Main.storyboard; sourceTree = "<group>"; };
		FEA58A8E21A23FDA0010E59E /* Assets.xcassets */ = {isa = PBXFileReference; lastKnownFileType = folder.assetcatalog; path = Assets.xcassets; sourceTree = "<group>"; };
		FEA58A9121A23FDA0010E59E /* Base */ = {isa = PBXFileReference; lastKnownFileType = file.storyboard; name = Base; path = Base.lproj/LaunchScreen.storyboard; sourceTree = "<group>"; };
		FEA58A9321A23FDA0010E59E /* Info.plist */ = {isa = PBXFileReference; lastKnownFileType = text.plist.xml; path = Info.plist; sourceTree = "<group>"; };
		FEA58A9821A23FDA0010E59E /* meme1Tests.xctest */ = {isa = PBXFileReference; explicitFileType = wrapper.cfbundle; includeInIndex = 0; path = meme1Tests.xctest; sourceTree = BUILT_PRODUCTS_DIR; };
		FEA58A9C21A23FDA0010E59E /* meme1Tests.swift */ = {isa = PBXFileReference; lastKnownFileType = sourcecode.swift; path = meme1Tests.swift; sourceTree = "<group>"; };
		FEA58A9E21A23FDA0010E59E /* Info.plist */ = {isa = PBXFileReference; lastKnownFileType = text.plist.xml; path = Info.plist; sourceTree = "<group>"; };
/* End PBXFileReference section */

/* Begin PBXFrameworksBuildPhase section */
		FEA58A8121A23FD90010E59E /* Frameworks */ = {
			isa = PBXFrameworksBuildPhase;
			buildActionMask = 2147483647;
			files = (
			);
			runOnlyForDeploymentPostprocessing = 0;
		};
		FEA58A9521A23FDA0010E59E /* Frameworks */ = {
			isa = PBXFrameworksBuildPhase;
			buildActionMask = 2147483647;
			files = (
			);
			runOnlyForDeploymentPostprocessing = 0;
		};
/* End PBXFrameworksBuildPhase section */

/* Begin PBXGroup section */
		FEA58A7B21A23FD90010E59E = {
			isa = PBXGroup;
			children = (
				FEA58A8621A23FD90010E59E /* meme1 */,
				FEA58A9B21A23FDA0010E59E /* meme1Tests */,
				FEA58A8521A23FD90010E59E /* Products */,
			);
			sourceTree = "<group>";
		};
		FEA58A8521A23FD90010E59E /* Products */ = {
			isa = PBXGroup;
			children = (
				FEA58A8421A23FD90010E59E /* meme1.app */,
				FEA58A9821A23FDA0010E59E /* meme1Tests.xctest */,
			);
			name = Products;
			sourceTree = "<group>";
		};
		FEA58A8621A23FD90010E59E /* meme1 */ = {
			isa = PBXGroup;
			children = (
				FE2C86D021D0CC5900DB98BA /* CollectionViewCell.swift */,
				FE2C86D221D2291400DB98BA /* TableViewCell.swift */,
				FEA58A8721A23FD90010E59E /* AppDelegate.swift */,
				FEA58A8921A23FD90010E59E /* ViewController.swift */,
				FE2C86C821D08AE700DB98BA /* MemeCollectionViewController.swift */,
				FE2C86CA21D08B0B00DB98BA /* MemeTableViewController.swift */,
				FE2C86CC21D0C2A600DB98BA /* Meme.swift */,
				FEA58A8B21A23FD90010E59E /* Main.storyboard */,
				FE2C86D421D356BF00DB98BA /* MemeDetailsViewController.swift */,
				FEA58A8E21A23FDA0010E59E /* Assets.xcassets */,
				FEA58A9021A23FDA0010E59E /* LaunchScreen.storyboard */,
				FEA58A9321A23FDA0010E59E /* Info.plist */,
			);
			path = meme1;
			sourceTree = "<group>";
		};
		FEA58A9B21A23FDA0010E59E /* meme1Tests */ = {
			isa = PBXGroup;
			children = (
				FEA58A9C21A23FDA0010E59E /* meme1Tests.swift */,
				FEA58A9E21A23FDA0010E59E /* Info.plist */,
			);
			path = meme1Tests;
			sourceTree = "<group>";
		};
/* End PBXGroup section */

/* Begin PBXNativeTarget section */
		FEA58A8321A23FD90010E59E /* meme1 */ = {
			isa = PBXNativeTarget;
			buildConfigurationList = FEA58AA121A23FDA0010E59E /* Build configuration list for PBXNativeTarget "meme1" */;
			buildPhases = (
				FEA58A8021A23FD90010E59E /* Sources */,
				FEA58A8121A23FD90010E59E /* Frameworks */,
				FEA58A8221A23FD90010E59E /* Resources */,
			);
			buildRules = (
			);
			dependencies = (
			);
			name = meme1;
			productName = meme1;
			productReference = FEA58A8421A23FD90010E59E /* meme1.app */;
			productType = "com.apple.product-type.application";
		};
		FEA58A9721A23FDA0010E59E /* meme1Tests */ = {
			isa = PBXNativeTarget;
			buildConfigurationList = FEA58AA421A23FDA0010E59E /* Build configuration list for PBXNativeTarget "meme1Tests" */;
			buildPhases = (
				FEA58A9421A23FDA0010E59E /* Sources */,
				FEA58A9521A23FDA0010E59E /* Frameworks */,
				FEA58A9621A23FDA0010E59E /* Resources */,
			);
			buildRules = (
			);
			dependencies = (
				FEA58A9A21A23FDA0010E59E /* PBXTargetDependency */,
			);
			name = meme1Tests;
			productName = meme1Tests;
			productReference = FEA58A9821A23FDA0010E59E /* meme1Tests.xctest */;
			productType = "com.apple.product-type.bundle.unit-test";
		};
/* End PBXNativeTarget section */

/* Begin PBXProject section */
		FEA58A7C21A23FD90010E59E /* Project object */ = {
			isa = PBXProject;
			attributes = {
				LastSwiftUpdateCheck = 1010;
				LastUpgradeCheck = 1010;
				ORGANIZATIONNAME = "sh da";
				TargetAttributes = {
					FEA58A8321A23FD90010E59E = {
						CreatedOnToolsVersion = 10.1;
					};
					FEA58A9721A23FDA0010E59E = {
						CreatedOnToolsVersion = 10.1;
						TestTargetID = FEA58A8321A23FD90010E59E;
					};
				};
			};
			buildConfigurationList = FEA58A7F21A23FD90010E59E /* Build configuration list for PBXProject "meme1" */;
			compatibilityVersion = "Xcode 9.3";
			developmentRegion = en;
			hasScannedForEncodings = 0;
			knownRegions = (
				en,
				Base,
			);
			mainGroup = FEA58A7B21A23FD90010E59E;
			productRefGroup = FEA58A8521A23FD90010E59E /* Products */;
			projectDirPath = "";
			projectRoot = "";
			targets = (
				FEA58A8321A23FD90010E59E /* meme1 */,
				FEA58A9721A23FDA0010E59E /* meme1Tests */,
			);
		};
/* End PBXProject section */

/* Begin PBXResourcesBuildPhase section */
		FEA58A8221A23FD90010E59E /* Resources */ = {
			isa = PBXResourcesBuildPhase;
			buildActionMask = 2147483647;
			files = (
				FEA58A9221A23FDA0010E59E /* LaunchScreen.storyboard in Resources */,
				FEA58A8F21A23FDA0010E59E /* Assets.xcassets in Resources */,
				FEA58A8D21A23FD90010E59E /* Main.storyboard in Resources */,
			);
			runOnlyForDeploymentPostprocessing = 0;
		};
		FEA58A9621A23FDA0010E59E /* Resources */ = {
			isa = PBXResourcesBuildPhase;
			buildActionMask = 2147483647;
			files = (
			);
			runOnlyForDeploymentPostprocessing = 0;
		};
/* End PBXResourcesBuildPhase section */

/* Begin PBXSourcesBuildPhase section */
		FEA58A8021A23FD90010E59E /* Sources */ = {
			isa = PBXSourcesBuildPhase;
			buildActionMask = 2147483647;
			files = (
				FEA58A8A21A23FD90010E59E /* ViewController.swift in Sources */,
				FE2C86C921D08AE700DB98BA /* MemeCollectionViewController.swift in Sources */,
				FE2C86D121D0CC5900DB98BA /* CollectionViewCell.swift in Sources */,
				FE2C86D521D356BF00DB98BA /* MemeDetailsViewController.swift in Sources */,
				FEA58A8821A23FD90010E59E /* AppDelegate.swift in Sources */,
				FE2C86CB21D08B0B00DB98BA /* MemeTableViewController.swift in Sources */,
				FE2C86D321D2291400DB98BA /* TableViewCell.swift in Sources */,
				FE2C86CD21D0C2A600DB98BA /* Meme.swift in Sources */,
			);
			runOnlyForDeploymentPostprocessing = 0;
		};
		FEA58A9421A23FDA0010E59E /* Sources */ = {
			isa = PBXSourcesBuildPhase;
			buildActionMask = 2147483647;
			files = (
				FEA58A9D21A23FDA0010E59E /* meme1Tests.swift in Sources */,
			);
			runOnlyForDeploymentPostprocessing = 0;
		};
/* End PBXSourcesBuildPhase section */

/* Begin PBXTargetDependency section */
		FEA58A9A21A23FDA0010E59E /* PBXTargetDependency */ = {
			isa = PBXTargetDependency;
			target = FEA58A8321A23FD90010E59E /* meme1 */;
			targetProxy = FEA58A9921A23FDA0010E59E /* PBXContainerItemProxy */;
		};
/* End PBXTargetDependency section */

/* Begin PBXVariantGroup section */
		FEA58A8B21A23FD90010E59E /* Main.storyboard */ = {
			isa = PBXVariantGroup;
			children = (
				FEA58A8C21A23FD90010E59E /* Base */,
			);
			name = Main.storyboard;
			sourceTree = "<group>";
		};
		FEA58A9021A23FDA0010E59E /* LaunchScreen.storyboard */ = {
			isa = PBXVariantGroup;
			children = (
				FEA58A9121A23FDA0010E59E /* Base */,
			);
			name = LaunchScreen.storyboard;
			sourceTree = "<group>";
		};
/* End PBXVariantGroup section */

/* Begin XCBuildConfiguration section */
		FEA58A9F21A23FDA0010E59E /* Debug */ = {
			isa = XCBuildConfiguration;
			buildSettings = {
				ALWAYS_SEARCH_USER_PATHS = NO;
				CLANG_ANALYZER_NONNULL = YES;
				CLANG_ANALYZER_NUMBER_OBJECT_CONVERSION = YES_AGGRESSIVE;
				CLANG_CXX_LANGUAGE_STANDARD = "gnu++14";
				CLANG_CXX_LIBRARY = "libc++";
				CLANG_ENABLE_MODULES = YES;
				CLANG_ENABLE_OBJC_ARC = YES;
				CLANG_ENABLE_OBJC_WEAK = YES;
				CLANG_WARN_BLOCK_CAPTURE_AUTORELEASING = YES;
				CLANG_WARN_BOOL_CONVERSION = YES;
				CLANG_WARN_COMMA = YES;
				CLANG_WARN_CONSTANT_CONVERSION = YES;
				CLANG_WARN_DEPRECATED_OBJC_IMPLEMENTATIONS = YES;
				CLANG_WARN_DIRECT_OBJC_ISA_USAGE = YES_ERROR;
				CLANG_WARN_DOCUMENTATION_COMMENTS = YES;
				CLANG_WARN_EMPTY_BODY = YES;
				CLANG_WARN_ENUM_CONVERSION = YES;
				CLANG_WARN_INFINITE_RECURSION = YES;
				CLANG_WARN_INT_CONVERSION = YES;
				CLANG_WARN_NON_LITERAL_NULL_CONVERSION = YES;
				CLANG_WARN_OBJC_IMPLICIT_RETAIN_SELF = YES;
				CLANG_WARN_OBJC_LITERAL_CONVERSION = YES;
				CLANG_WARN_OBJC_ROOT_CLASS = YES_ERROR;
				CLANG_WARN_RANGE_LOOP_ANALYSIS = YES;
				CLANG_WARN_STRICT_PROTOTYPES = YES;
				CLANG_WARN_SUSPICIOUS_MOVE = YES;
				CLANG_WARN_UNGUARDED_AVAILABILITY = YES_AGGRESSIVE;
				CLANG_WARN_UNREACHABLE_CODE = YES;
				CLANG_WARN__DUPLICATE_METHOD_MATCH = YES;
				CODE_SIGN_IDENTITY = "iPhone Developer";
				COPY_PHASE_STRIP = NO;
				DEBUG_INFORMATION_FORMAT = dwarf;
				ENABLE_STRICT_OBJC_MSGSEND = YES;
				ENABLE_TESTABILITY = YES;
				GCC_C_LANGUAGE_STANDARD = gnu11;
				GCC_DYNAMIC_NO_PIC = NO;
				GCC_NO_COMMON_BLOCKS = YES;
				GCC_OPTIMIZATION_LEVEL = 0;
				GCC_PREPROCESSOR_DEFINITIONS = (
					"DEBUG=1",
					"$(inherited)",
				);
				GCC_WARN_64_TO_32_BIT_CONVERSION = YES;
				GCC_WARN_ABOUT_RETURN_TYPE = YES_ERROR;
				GCC_WARN_UNDECLARED_SELECTOR = YES;
				GCC_WARN_UNINITIALIZED_AUTOS = YES_AGGRESSIVE;
				GCC_WARN_UNUSED_FUNCTION = YES;
				GCC_WARN_UNUSED_VARIABLE = YES;
				IPHONEOS_DEPLOYMENT_TARGET = 12.1;
				MTL_ENABLE_DEBUG_INFO = INCLUDE_SOURCE;
				MTL_FAST_MATH = YES;
				ONLY_ACTIVE_ARCH = YES;
				SDKROOT = iphoneos;
				SWIFT_ACTIVE_COMPILATION_CONDITIONS = DEBUG;
				SWIFT_OPTIMIZATION_LEVEL = "-Onone";
			};
			name = Debug;
		};
		FEA58AA021A23FDA0010E59E /* Release */ = {
			isa = XCBuildConfiguration;
			buildSettings = {
				ALWAYS_SEARCH_USER_PATHS = NO;
				CLANG_ANALYZER_NONNULL = YES;
				CLANG_ANALYZER_NUMBER_OBJECT_CONVERSION = YES_AGGRESSIVE;
				CLANG_CXX_LANGUAGE_STANDARD = "gnu++14";
				CLANG_CXX_LIBRARY = "libc++";
				CLANG_ENABLE_MODULES = YES;
				CLANG_ENABLE_OBJC_ARC = YES;
				CLANG_ENABLE_OBJC_WEAK = YES;
				CLANG_WARN_BLOCK_CAPTURE_AUTORELEASING = YES;
				CLANG_WARN_BOOL_CONVERSION = YES;
				CLANG_WARN_COMMA = YES;
				CLANG_WARN_CONSTANT_CONVERSION = YES;
				CLANG_WARN_DEPRECATED_OBJC_IMPLEMENTATIONS = YES;
				CLANG_WARN_DIRECT_OBJC_ISA_USAGE = YES_ERROR;
				CLANG_WARN_DOCUMENTATION_COMMENTS = YES;
				CLANG_WARN_EMPTY_BODY = YES;
				CLANG_WARN_ENUM_CONVERSION = YES;
				CLANG_WARN_INFINITE_RECURSION = YES;
				CLANG_WARN_INT_CONVERSION = YES;
				CLANG_WARN_NON_LITERAL_NULL_CONVERSION = YES;
				CLANG_WARN_OBJC_IMPLICIT_RETAIN_SELF = YES;
				CLANG_WARN_OBJC_LITERAL_CONVERSION = YES;
				CLANG_WARN_OBJC_ROOT_CLASS = YES_ERROR;
				CLANG_WARN_RANGE_LOOP_ANALYSIS = YES;
				CLANG_WARN_STRICT_PROTOTYPES = YES;
				CLANG_WARN_SUSPICIOUS_MOVE = YES;
				CLANG_WARN_UNGUARDED_AVAILABILITY = YES_AGGRESSIVE;
				CLANG_WARN_UNREACHABLE_CODE = YES;
				CLANG_WARN__DUPLICATE_METHOD_MATCH = YES;
				CODE_SIGN_IDENTITY = "iPhone Developer";
				COPY_PHASE_STRIP = NO;
				DEBUG_INFORMATION_FORMAT = "dwarf-with-dsym";
				ENABLE_NS_ASSERTIONS = NO;
				ENABLE_STRICT_OBJC_MSGSEND = YES;
				GCC_C_LANGUAGE_STANDARD = gnu11;
				GCC_NO_COMMON_BLOCKS = YES;
				GCC_WARN_64_TO_32_BIT_CONVERSION = YES;
				GCC_WARN_ABOUT_RETURN_TYPE = YES_ERROR;
				GCC_WARN_UNDECLARED_SELECTOR = YES;
				GCC_WARN_UNINITIALIZED_AUTOS = YES_AGGRESSIVE;
				GCC_WARN_UNUSED_FUNCTION = YES;
				GCC_WARN_UNUSED_VARIABLE = YES;
				IPHONEOS_DEPLOYMENT_TARGET = 12.1;
				MTL_ENABLE_DEBUG_INFO = NO;
				MTL_FAST_MATH = YES;
				SDKROOT = iphoneos;
				SWIFT_COMPILATION_MODE = wholemodule;
				SWIFT_OPTIMIZATION_LEVEL = "-O";
				VALIDATE_PRODUCT = YES;
			};
			name = Release;
		};
		FEA58AA221A23FDA0010E59E /* Debug */ = {
			isa = XCBuildConfiguration;
			buildSettings = {
				ASSETCATALOG_COMPILER_APPICON_NAME = AppIcon;
				CODE_SIGN_STYLE = Automatic;
				DEVELOPMENT_TEAM = S58528VX82;
				INFOPLIST_FILE = meme1/Info.plist;
				LD_RUNPATH_SEARCH_PATHS = (
					"$(inherited)",
					"@executable_path/Frameworks",
				);
				PRODUCT_BUNDLE_IDENTIFIER = f.meme1;
				PRODUCT_NAME = "$(TARGET_NAME)";
				SWIFT_VERSION = 4.2;
				TARGETED_DEVICE_FAMILY = "1,2";
			};
			name = Debug;
		};
		FEA58AA321A23FDA0010E59E /* Release */ = {
			isa = XCBuildConfiguration;
			buildSettings = {
				ASSETCATALOG_COMPILER_APPICON_NAME = AppIcon;
				CODE_SIGN_STYLE = Automatic;
				DEVELOPMENT_TEAM = S58528VX82;
				INFOPLIST_FILE = meme1/Info.plist;
				LD_RUNPATH_SEARCH_PATHS = (
					"$(inherited)",
					"@executable_path/Frameworks",
				);
				PRODUCT_BUNDLE_IDENTIFIER = f.meme1;
				PRODUCT_NAME = "$(TARGET_NAME)";
				SWIFT_VERSION = 4.2;
				TARGETED_DEVICE_FAMILY = "1,2";
			};
			name = Release;
		};
		FEA58AA521A23FDA0010E59E /* Debug */ = {
			isa = XCBuildConfiguration;
			buildSettings = {
				ALWAYS_EMBED_SWIFT_STANDARD_LIBRARIES = YES;
				BUNDLE_LOADER = "$(TEST_HOST)";
				CODE_SIGN_STYLE = Automatic;
				DEVELOPMENT_TEAM = S58528VX82;
				INFOPLIST_FILE = meme1Tests/Info.plist;
				LD_RUNPATH_SEARCH_PATHS = (
					"$(inherited)",
					"@executable_path/Frameworks",
					"@loader_path/Frameworks",
				);
				PRODUCT_BUNDLE_IDENTIFIER = f.meme1Tests;
				PRODUCT_NAME = "$(TARGET_NAME)";
				SWIFT_VERSION = 4.2;
				TARGETED_DEVICE_FAMILY = "1,2";
				TEST_HOST = "$(BUILT_PRODUCTS_DIR)/meme1.app/meme1";
			};
			name = Debug;
		};
		FEA58AA621A23FDA0010E59E /* Release */ = {
			isa = XCBuildConfiguration;
			buildSettings = {
				ALWAYS_EMBED_SWIFT_STANDARD_LIBRARIES = YES;
				BUNDLE_LOADER = "$(TEST_HOST)";
				CODE_SIGN_STYLE = Automatic;
				DEVELOPMENT_TEAM = S58528VX82;
				INFOPLIST_FILE = meme1Tests/Info.plist;
				LD_RUNPATH_SEARCH_PATHS = (
					"$(inherited)",
					"@executable_path/Frameworks",
					"@loader_path/Frameworks",
				);
				PRODUCT_BUNDLE_IDENTIFIER = f.meme1Tests;
				PRODUCT_NAME = "$(TARGET_NAME)";
				SWIFT_VERSION = 4.2;
				TARGETED_DEVICE_FAMILY = "1,2";
				TEST_HOST = "$(BUILT_PRODUCTS_DIR)/meme1.app/meme1";
			};
			name = Release;
		};
/* End XCBuildConfiguration section */

/* Begin XCConfigurationList section */
		FEA58A7F21A23FD90010E59E /* Build configuration list for PBXProject "meme1" */ = {
			isa = XCConfigurationList;
			buildConfigurations = (
				FEA58A9F21A23FDA0010E59E /* Debug */,
				FEA58AA021A23FDA0010E59E /* Release */,
			);
			defaultConfigurationIsVisible = 0;
			defaultConfigurationName = Release;
		};
		FEA58AA121A23FDA0010E59E /* Build configuration list for PBXNativeTarget "meme1" */ = {
			isa = XCConfigurationList;
			buildConfigurations = (
				FEA58AA221A23FDA0010E59E /* Debug */,
				FEA58AA321A23FDA0010E59E /* Release */,
			);
			defaultConfigurationIsVisible = 0;
			defaultConfigurationName = Release;
		};
		FEA58AA421A23FDA0010E59E /* Build configuration list for PBXNativeTarget "meme1Tests" */ = {
			isa = XCConfigurationList;
			buildConfigurations = (
				FEA58AA521A23FDA0010E59E /* Debug */,
				FEA58AA621A23FDA0010E59E /* Release */,
			);
			defaultConfigurationIsVisible = 0;
			defaultConfigurationName = Release;
		};
/* End XCConfigurationList section */
	};
	rootObject = FEA58A7C21A23FD90010E59E /* Project object */;
}
